
Microsoft Visual Studio Solution File, Format Version 12.00
# Visual Studio Version 17
VisualStudioVersion = 17.12.35527.113
MinimumVisualStudioVersion = 10.0.40219.1
Project("{FAE04EC0-301F-11D3-BF4B-00C04F79EFBC}") = "gRPCService", "gRPCService\gRPCService.csproj", "{6C27E018-6B3B-4C57-A027-1AE8F38D8ACF}"
EndProject
Project("{FAE04EC0-301F-11D3-BF4B-00C04F79EFBC}") = "gRPCService.Client", "gRPCService.Client\gRPCService.Client.csproj", "{A76954C3-56EA-442A-B96D-7A3514FC8C3D}"
EndProject
Project("{FAE04EC0-301F-11D3-BF4B-00C04F79EFBC}") = "gRPCService.MVCClient", "gRPCService.MVCClient\gRPCService.MVCClient.csproj", "{77146142-56BB-4741-9E95-39244B7560B3}"
EndProject
Project("{FAE04EC0-301F-11D3-BF4B-00C04F79EFBC}") = "gRPCService.Tests", "gRPCService.Tests\gRPCService.Tests.csproj", "{FA1878E0-1E66-41FD-A421-175953C457A4}"
EndProject
Project("{FAE04EC0-301F-11D3-BF4B-00C04F79EFBC}") = "gRPCService.Tests.Integration", "gRPCService.Tests.Integration\gRPCService.Tests.Integration.csproj", "{2C493B58-431E-456A-92AA-57D2B917AE73}"
EndProject
Project("{FAE04EC0-301F-11D3-BF4B-00C04F79EFBC}") = "gRPCService.Auth", "gRPCService.Auth\gRPCService.Auth.csproj", "{D4B98B5D-8FAA-42D4-BDA9-C0B1F52D7415}"
EndProject
Project("{FAE04EC0-301F-11D3-BF4B-00C04F79EFBC}") = "gRPCService.BlazorWebClient", "gRPCService.BlazorWebClient\gRPCService.BlazorWebClient\gRPCService.BlazorWebClient.csproj", "{2415B007-A4C5-44EA-841D-D5C15196463A}"
EndProject
Project("{FAE04EC0-301F-11D3-BF4B-00C04F79EFBC}") = "gRPCService.BlazorWebClient.Client", "gRPCService.BlazorWebClient\gRPCService.BlazorWebClient.Client\gRPCService.BlazorWebClient.Client.csproj", "{48E38E23-3494-49EA-B2C1-5391189B1AE1}"
EndProject
Global
	GlobalSection(SolutionConfigurationPlatforms) = preSolution
		Debug|Any CPU = Debug|Any CPU
		Release|Any CPU = Release|Any CPU
	EndGlobalSection
	GlobalSection(ProjectConfigurationPlatforms) = postSolution
		{6C27E018-6B3B-4C57-A027-1AE8F38D8ACF}.Debug|Any CPU.ActiveCfg = Debug|Any CPU
		{6C27E018-6B3B-4C57-A027-1AE8F38D8ACF}.Debug|Any CPU.Build.0 = Debug|Any CPU
		{6C27E018-6B3B-4C57-A027-1AE8F38D8ACF}.Release|Any CPU.ActiveCfg = Release|Any CPU
		{6C27E018-6B3B-4C57-A027-1AE8F38D8ACF}.Release|Any CPU.Build.0 = Release|Any CPU
		{A76954C3-56EA-442A-B96D-7A3514FC8C3D}.Debug|Any CPU.ActiveCfg = Debug|Any CPU
		{A76954C3-56EA-442A-B96D-7A3514FC8C3D}.Debug|Any CPU.Build.0 = Debug|Any CPU
		{A76954C3-56EA-442A-B96D-7A3514FC8C3D}.Release|Any CPU.ActiveCfg = Release|Any CPU
		{A76954C3-56EA-442A-B96D-7A3514FC8C3D}.Release|Any CPU.Build.0 = Release|Any CPU
		{77146142-56BB-4741-9E95-39244B7560B3}.Debug|Any CPU.ActiveCfg = Debug|Any CPU
		{77146142-56BB-4741-9E95-39244B7560B3}.Debug|Any CPU.Build.0 = Debug|Any CPU
		{77146142-56BB-4741-9E95-39244B7560B3}.Release|Any CPU.ActiveCfg = Release|Any CPU
		{77146142-56BB-4741-9E95-39244B7560B3}.Release|Any CPU.Build.0 = Release|Any CPU
		{FA1878E0-1E66-41FD-A421-175953C457A4}.Debug|Any CPU.ActiveCfg = Debug|Any CPU
		{FA1878E0-1E66-41FD-A421-175953C457A4}.Debug|Any CPU.Build.0 = Debug|Any CPU
		{FA1878E0-1E66-41FD-A421-175953C457A4}.Release|Any CPU.ActiveCfg = Release|Any CPU
		{FA1878E0-1E66-41FD-A421-175953C457A4}.Release|Any CPU.Build.0 = Release|Any CPU
		{2C493B58-431E-456A-92AA-57D2B917AE73}.Debug|Any CPU.ActiveCfg = Debug|Any CPU
		{2C493B58-431E-456A-92AA-57D2B917AE73}.Debug|Any CPU.Build.0 = Debug|Any CPU
		{2C493B58-431E-456A-92AA-57D2B917AE73}.Release|Any CPU.ActiveCfg = Release|Any CPU
		{2C493B58-431E-456A-92AA-57D2B917AE73}.Release|Any CPU.Build.0 = Release|Any CPU
		{D4B98B5D-8FAA-42D4-BDA9-C0B1F52D7415}.Debug|Any CPU.ActiveCfg = Debug|Any CPU
		{D4B98B5D-8FAA-42D4-BDA9-C0B1F52D7415}.Debug|Any CPU.Build.0 = Debug|Any CPU
		{D4B98B5D-8FAA-42D4-BDA9-C0B1F52D7415}.Release|Any CPU.ActiveCfg = Release|Any CPU
		{D4B98B5D-8FAA-42D4-BDA9-C0B1F52D7415}.Release|Any CPU.Build.0 = Release|Any CPU
		{2415B007-A4C5-44EA-841D-D5C15196463A}.Debug|Any CPU.ActiveCfg = Debug|Any CPU
		{2415B007-A4C5-44EA-841D-D5C15196463A}.Debug|Any CPU.Build.0 = Debug|Any CPU
		{2415B007-A4C5-44EA-841D-D5C15196463A}.Release|Any CPU.ActiveCfg = Release|Any CPU
		{2415B007-A4C5-44EA-841D-D5C15196463A}.Release|Any CPU.Build.0 = Release|Any CPU
		{48E38E23-3494-49EA-B2C1-5391189B1AE1}.Debug|Any CPU.ActiveCfg = Debug|Any CPU
		{48E38E23-3494-49EA-B2C1-5391189B1AE1}.Debug|Any CPU.Build.0 = Debug|Any CPU
		{48E38E23-3494-49EA-B2C1-5391189B1AE1}.Release|Any CPU.ActiveCfg = Release|Any CPU
		{48E38E23-3494-49EA-B2C1-5391189B1AE1}.Release|Any CPU.Build.0 = Release|Any CPU
	EndGlobalSection
	GlobalSection(SolutionProperties) = preSolution
		HideSolutionNode = FALSE
	EndGlobalSection
EndGlobal
